<?xml version="1.0" encoding="utf-8"?>
<Project ToolsVersion="4.0" xmlns="http://schemas.microsoft.com/developer/msbuild/2003">
  <ItemGroup>
    <Filter Include="Core">
      <UniqueIdentifier>{2ca297d9-5c23-4d70-b79f-1ea3ed4d1ab9}</UniqueIdentifier>
    </Filter>
    <Filter Include="Core\Engine">
      <UniqueIdentifier>{b6d14c55-5df6-409f-95f6-063a1210c262}</UniqueIdentifier>
    </Filter>
    <Filter Include="Core\Game">
      <UniqueIdentifier>{a9750f27-37e3-4666-834b-66e5430a0b00}</UniqueIdentifier>
    </Filter>
    <Filter Include="Core\Engine\Visual">
      <UniqueIdentifier>{f13651bc-b080-4d5b-9673-5eb2594e6de8}</UniqueIdentifier>
    </Filter>
    <Filter Include="Core\Engine\Logic">
      <UniqueIdentifier>{d2e4af6c-7795-43df-84e0-935883fdd68c}</UniqueIdentifier>
    </Filter>
    <Filter Include="Core\Engine\Visual\Rendering">
      <UniqueIdentifier>{2a54caee-2b64-4a03-8f75-aa00b09792f2}</UniqueIdentifier>
    </Filter>
    <Filter Include="Core\Engine\Visual\Rendering\Models">
      <UniqueIdentifier>{541cc42f-da2b-4a23-852e-3b3490f3b49c}</UniqueIdentifier>
    </Filter>
    <Filter Include="Core\Engine\Visual\Rendering\Models\Core">
      <UniqueIdentifier>{40231cff-1f58-4bad-bf43-52a9f5f6ad0a}</UniqueIdentifier>
    </Filter>
    <Filter Include="Core\Engine\Visual\Rendering\Shaders">
      <UniqueIdentifier>{c8bba9ed-848b-409a-abb2-3383b40358fd}</UniqueIdentifier>
    </Filter>
    <Filter Include="Core\Engine\Logic\Core">
      <UniqueIdentifier>{3cffefcb-99a7-4905-b099-b7c688f882a2}</UniqueIdentifier>
    </Filter>
    <Filter Include="Core\Engine\Visual\Rendering\Shaders\Core">
      <UniqueIdentifier>{791e93a2-366b-461d-81ed-5727511eec54}</UniqueIdentifier>
    </Filter>
    <Filter Include="Core\Engine\Visual\Rendering\Models\Loaders">
      <UniqueIdentifier>{3be03e89-bd53-41e6-9a7f-2049158b2f0d}</UniqueIdentifier>
    </Filter>
    <Filter Include="Core\Engine\Core">
      <UniqueIdentifier>{20ba84ef-4fd1-4807-b654-dc8b0d979f0e}</UniqueIdentifier>
    </Filter>
    <Filter Include="Core\Engine\Terrain">
      <UniqueIdentifier>{b32243af-9f31-486a-8b93-5b5d07869aa1}</UniqueIdentifier>
    </Filter>
    <Filter Include="Core\Engine\Terrain\Core">
      <UniqueIdentifier>{4b598280-baf6-4c27-aace-7025116f35b0}</UniqueIdentifier>
    </Filter>
    <Filter Include="Core\Engine\Terrain\Building">
      <UniqueIdentifier>{5f2d82a0-4104-4eb5-b67f-342790f2070c}</UniqueIdentifier>
    </Filter>
    <Filter Include="Core\Engine\Terrain\Building\Core">
      <UniqueIdentifier>{f663cafd-7719-48bb-bdfe-d9d4cea2a392}</UniqueIdentifier>
    </Filter>
    <Filter Include="Core\Engine\Core\Tools">
      <UniqueIdentifier>{fec2cebc-9dc4-48a4-bbf1-c00d8abeec5f}</UniqueIdentifier>
    </Filter>
    <Filter Include="Core\Engine\Terrain\Tools">
      <UniqueIdentifier>{bff950dc-00bf-499c-9544-71614890007e}</UniqueIdentifier>
    </Filter>
    <Filter Include="Core\Engine\Visual\Rendering\Shaders\Source">
      <UniqueIdentifier>{e89aee57-e419-412b-92dd-e30009459665}</UniqueIdentifier>
    </Filter>
    <Filter Include="Core\Game\Visual">
      <UniqueIdentifier>{7f0b74c7-6c8e-4c14-ab52-2e158a11b048}</UniqueIdentifier>
    </Filter>
    <Filter Include="Core\Game\Control">
      <UniqueIdentifier>{c0f73b10-f76f-4955-98b3-b25c73768a18}</UniqueIdentifier>
    </Filter>
  </ItemGroup>
  <ItemGroup>
    <ResourceCompile Include="STV-Project.rc" />
  </ItemGroup>
  <ItemGroup>
    <ClInclude Include="Model.h">
      <Filter>Core\Engine\Visual\Rendering\Models\Core</Filter>
    </ClInclude>
    <ClInclude Include="Camera.h">
      <Filter>Core\Engine\Visual</Filter>
    </ClInclude>
    <ClInclude Include="StaticShader.h">
      <Filter>Core\Engine\Visual\Rendering\Shaders</Filter>
    </ClInclude>
    <ClInclude Include="Keyboard.h">
      <Filter>Core\Engine\Logic</Filter>
    </ClInclude>
    <ClInclude Include="MasterRenderer.h">
      <Filter>Core\Engine\Visual\Rendering</Filter>
    </ClInclude>
    <ClInclude Include="Entity.h">
      <Filter>Core\Engine\Logic\Core</Filter>
    </ClInclude>
    <ClInclude Include="Transform.h">
      <Filter>Core\Engine\Logic\Core</Filter>
    </ClInclude>
    <ClInclude Include="Component.h">
      <Filter>Core\Engine\Logic\Core</Filter>
    </ClInclude>
    <ClInclude Include="RenderQueue.h">
      <Filter>Core\Engine\Visual\Rendering\Shaders\Core</Filter>
    </ClInclude>
    <ClInclude Include="Shader.h">
      <Filter>Core\Engine\Visual\Rendering\Shaders\Core</Filter>
    </ClInclude>
    <ClInclude Include="MemoryListener.h">
      <Filter>Core\Engine</Filter>
    </ClInclude>
    <ClInclude Include="TexturedModel.h">
      <Filter>Core\Engine\Visual\Rendering\Models</Filter>
    </ClInclude>
    <ClInclude Include="ModelLoader.h">
      <Filter>Core\Engine\Visual\Rendering\Models\Loaders</Filter>
    </ClInclude>
    <ClInclude Include="TextureLoader.h">
      <Filter>Core\Engine\Visual\Rendering\Models\Loaders</Filter>
    </ClInclude>
    <ClInclude Include="OBJLoader.h">
      <Filter>Core\Engine\Visual\Rendering\Models\Loaders</Filter>
    </ClInclude>
    <ClInclude Include="Element3D.h">
      <Filter>Core\Engine\Visual\Rendering\Shaders\Core</Filter>
    </ClInclude>
    <ClInclude Include="GameManager.h">
      <Filter>Core\Engine\Core</Filter>
    </ClInclude>
    <ClInclude Include="Scene.h">
      <Filter>Core\Engine\Core</Filter>
    </ClInclude>
    <ClInclude Include="Terrain.h">
      <Filter>Core\Engine\Terrain</Filter>
    </ClInclude>
    <ClInclude Include="MarchingCube.h">
      <Filter>Core\Engine\Terrain\Building</Filter>
    </ClInclude>
    <ClInclude Include="VoxelBuilder.h">
      <Filter>Core\Engine\Terrain\Building\Core</Filter>
    </ClInclude>
    <ClInclude Include="Timer.h">
      <Filter>Core\Engine\Core\Tools</Filter>
    </ClInclude>
    <ClInclude Include="StatisticCounter.h">
      <Filter>Core\Engine\Core\Tools</Filter>
    </ClInclude>
    <ClInclude Include="TerrainTools.h">
      <Filter>Core\Engine\Terrain\Tools</Filter>
    </ClInclude>
    <ClInclude Include="BlockGlossary.h">
      <Filter>Core\Engine\Terrain\Tools</Filter>
    </ClInclude>
    <ClInclude Include="Chunk.h">
      <Filter>Core\Engine\Terrain\Core</Filter>
    </ClInclude>
    <ClInclude Include="VoxelMesh.h">
      <Filter>Core\Engine\Terrain\Core</Filter>
    </ClInclude>
    <ClInclude Include="ChunkLoader.h">
      <Filter>Core\Engine\Terrain\Core</Filter>
    </ClInclude>
    <ClInclude Include="TerrainShader.h">
      <Filter>Core\Engine\Visual\Rendering\Shaders</Filter>
    </ClInclude>
    <ClInclude Include="DayCycleController.h">
      <Filter>Core\Game\Visual</Filter>
    </ClInclude>
    <ClInclude Include="PlayerController.h">
      <Filter>Core\Game\Control</Filter>
    </ClInclude>
    <ClInclude Include="ResourcePlacer.h">
      <Filter>Core\Game\Control</Filter>
    </ClInclude>
    <ClInclude Include="Mouse.h">
      <Filter>Core\Engine\Logic</Filter>
    </ClInclude>
  </ItemGroup>
  <ItemGroup>
    <ClCompile Include="main.cpp">
      <Filter>Core\Game</Filter>
    </ClCompile>
    <ClCompile Include="Camera.cpp">
      <Filter>Core\Engine\Visual</Filter>
    </ClCompile>
    <ClCompile Include="StaticShader.cpp">
      <Filter>Core\Engine\Visual\Rendering\Shaders</Filter>
    </ClCompile>
    <ClCompile Include="MasterRenderer.cpp">
      <Filter>Core\Engine\Visual\Rendering</Filter>
    </ClCompile>
    <ClCompile Include="Transform.cpp">
      <Filter>Core\Engine\Logic\Core</Filter>
    </ClCompile>
    <ClCompile Include="Entity.cpp">
      <Filter>Core\Engine\Logic\Core</Filter>
    </ClCompile>
    <ClCompile Include="RenderQueue.cpp">
      <Filter>Core\Engine\Visual\Rendering\Shaders\Core</Filter>
    </ClCompile>
    <ClCompile Include="Shader.cpp">
      <Filter>Core\Engine\Visual\Rendering\Shaders\Core</Filter>
    </ClCompile>
    <ClCompile Include="ModelLoader.cpp">
      <Filter>Core\Engine\Visual\Rendering\Models\Loaders</Filter>
    </ClCompile>
    <ClCompile Include="TextureLoader.cpp">
      <Filter>Core\Engine\Visual\Rendering\Models\Loaders</Filter>
    </ClCompile>
    <ClCompile Include="OBJLoader.cpp">
      <Filter>Core\Engine\Visual\Rendering\Models\Loaders</Filter>
    </ClCompile>
    <ClCompile Include="GameManager.cpp">
      <Filter>Core\Engine\Core</Filter>
    </ClCompile>
    <ClCompile Include="Terrain.cpp">
      <Filter>Core\Engine\Terrain</Filter>
    </ClCompile>
    <ClCompile Include="MarchingCube.cpp">
      <Filter>Core\Engine\Terrain\Building</Filter>
    </ClCompile>
    <ClCompile Include="Chunk.cpp">
      <Filter>Core\Engine\Terrain\Core</Filter>
    </ClCompile>
    <ClCompile Include="VoxelMesh.cpp">
      <Filter>Core\Engine\Terrain\Core</Filter>
    </ClCompile>
    <ClCompile Include="ChunkLoader.cpp">
      <Filter>Core\Engine\Terrain\Core</Filter>
    </ClCompile>
    <ClCompile Include="TerrainShader.cpp">
      <Filter>Core\Engine\Visual\Rendering\Shaders</Filter>
    </ClCompile>
    <ClCompile Include="TerrainTools.cpp">
      <Filter>Core\Engine\Terrain\Tools</Filter>
    </ClCompile>
    <ClCompile Include="Model.cpp">
      <Filter>Core\Engine\Visual\Rendering\Models\Core</Filter>
    </ClCompile>
  </ItemGroup>
  <ItemGroup>
    <None Include="Shaders\terrain.frag">
      <Filter>Core\Engine\Visual\Rendering\Shaders\Source</Filter>
    </None>
    <None Include="Shaders\terrain.vert">
      <Filter>Core\Engine\Visual\Rendering\Shaders\Source</Filter>
    </None>
    <None Include="Shaders\static.vert">
      <Filter>Core\Engine\Visual\Rendering\Shaders\Source</Filter>
    </None>
    <None Include="Shaders\static.frag">
      <Filter>Core\Engine\Visual\Rendering\Shaders\Source</Filter>
    </None>
    <None Include="Shaders\terrain.geom">
      <Filter>Core\Engine\Visual\Rendering\Shaders\Source</Filter>
    </None>
  </ItemGroup>
</Project>